
Microsoft Visual Studio Solution File, Format Version 12.00
# Visual Studio Version 17
VisualStudioVersion = 17.13.35931.197
MinimumVisualStudioVersion = 10.0.40219.1
Project("{2150E333-8FDC-42A3-9474-1A3956D46DE8}") = "Services", "Services", "{02EA681E-C7D8-13C7-8484-4AC65E1B71E8}"
EndProject
Project("{2150E333-8FDC-42A3-9474-1A3956D46DE8}") = "Catalog", "Catalog", "{3316C324-07C9-4052-A673-143F330BADCF}"
EndProject
Project("{2150E333-8FDC-42A3-9474-1A3956D46DE8}") = "Basket", "Basket", "{4579802A-314E-4557-AEF8-E3B03B583C30}"
EndProject
Project("{2150E333-8FDC-42A3-9474-1A3956D46DE8}") = "Order", "Order", "{88B334F2-3623-4D99-8B05-E2E9E8DFBC28}"
EndProject
Project("{2150E333-8FDC-42A3-9474-1A3956D46DE8}") = "Discount", "Discount", "{E6947895-556D-4CCA-A737-C0383666BEC7}"
EndProject
Project("{2150E333-8FDC-42A3-9474-1A3956D46DE8}") = "Frontends", "Frontends", "{47E65664-E7C9-4AED-8611-7661CC3C167F}"
EndProject
Project("{2150E333-8FDC-42A3-9474-1A3956D46DE8}") = "IdentityServer", "IdentityServer", "{EF4689D5-EE9B-45C6-BF14-287E707B31D5}"
EndProject
Project("{FAE04EC0-301F-11D3-BF4B-00C04F79EFBC}") = "ECommerce.Catalog", "Services\Catalog\ECommerce.Catalog\ECommerce.Catalog.csproj", "{3D206F8C-C84F-48D2-9BA2-40C6F9486B05}"
EndProject
Project("{FAE04EC0-301F-11D3-BF4B-00C04F79EFBC}") = "ECommerce.Discount", "Services\Discount\ECommerce.Discount\ECommerce.Discount.csproj", "{2CE48506-C8AE-4768-A5D1-AEDAD54214C6}"
EndProject
Project("{2150E333-8FDC-42A3-9474-1A3956D46DE8}") = "Shared", "Shared", "{0FE1E6B7-C950-46E8-9614-D1550F15EAB1}"
	ProjectSection(SolutionItems) = preProject
		Ports.txt = Ports.txt
	EndProjectSection
EndProject
Project("{2150E333-8FDC-42A3-9474-1A3956D46DE8}") = "Core", "Core", "{FFE646B4-B0FE-42F4-9DCB-3B3AD9A21931}"
EndProject
Project("{2150E333-8FDC-42A3-9474-1A3956D46DE8}") = "Infrastructure", "Infrastructure", "{A73D61F7-DA95-42FF-874A-A0615FDC30F5}"
EndProject
Project("{2150E333-8FDC-42A3-9474-1A3956D46DE8}") = "Presentation", "Presentation", "{EFFBEC6C-86CF-4421-98A9-82E237877FC6}"
EndProject
Project("{FAE04EC0-301F-11D3-BF4B-00C04F79EFBC}") = "ECommerce.Order.Domain", "Services\Order\Core\ECommerce.Order.Domain\ECommerce.Order.Domain.csproj", "{ABDF2C6E-5971-4A92-B1FE-3700A98D982E}"
EndProject
Project("{FAE04EC0-301F-11D3-BF4B-00C04F79EFBC}") = "ECommerce.Order.Application", "Services\Order\Core\ECommerce.Order.Application\ECommerce.Order.Application.csproj", "{8D6D0BDB-BFF1-4707-B4C8-650A8CC57F21}"
EndProject
Project("{FAE04EC0-301F-11D3-BF4B-00C04F79EFBC}") = "ECommerce.Order.Persistence", "Services\Order\Infrastructure\ECommerce.Order.Persistence\ECommerce.Order.Persistence.csproj", "{B9A50FBC-34D5-49E1-953D-EE202767CBA5}"
EndProject
Project("{FAE04EC0-301F-11D3-BF4B-00C04F79EFBC}") = "ECommerce.Order.API", "Services\Order\Presentation\ECommerce.Order.API\ECommerce.Order.API.csproj", "{97048E0D-1D68-41BE-AD5A-7D2DAEA45FCC}"
EndProject
Project("{FAE04EC0-301F-11D3-BF4B-00C04F79EFBC}") = "ECommerce.Basket", "Services\Basket\ECommerce.Basket\ECommerce.Basket.csproj", "{08622E6C-2590-47E0-B8B1-C8373EFE5DB0}"
EndProject
Project("{2150E333-8FDC-42A3-9474-1A3956D46DE8}") = "Message", "Message", "{72A81E5B-A88E-4C2F-A561-4533C13CE4D8}"
EndProject
Project("{FAE04EC0-301F-11D3-BF4B-00C04F79EFBC}") = "ECommerce.Message", "Services\Message\ECommerce.Message\ECommerce.Message.csproj", "{05370362-C415-456D-BCD1-AD8FE07DE6A3}"
EndProject
Project("{FAE04EC0-301F-11D3-BF4B-00C04F79EFBC}") = "ECommerce.IdentityServer", "IdentityServer\ECommerce.IdentityServer\ECommerce.IdentityServer.csproj", "{7A59FE07-7EDD-DA0B-6465-363AE1E5CEC5}"
EndProject
Global
	GlobalSection(SolutionConfigurationPlatforms) = preSolution
		Debug|Any CPU = Debug|Any CPU
		Release|Any CPU = Release|Any CPU
	EndGlobalSection
	GlobalSection(ProjectConfigurationPlatforms) = postSolution
		{3D206F8C-C84F-48D2-9BA2-40C6F9486B05}.Debug|Any CPU.ActiveCfg = Debug|Any CPU
		{3D206F8C-C84F-48D2-9BA2-40C6F9486B05}.Debug|Any CPU.Build.0 = Debug|Any CPU
		{3D206F8C-C84F-48D2-9BA2-40C6F9486B05}.Release|Any CPU.ActiveCfg = Release|Any CPU
		{3D206F8C-C84F-48D2-9BA2-40C6F9486B05}.Release|Any CPU.Build.0 = Release|Any CPU
		{2CE48506-C8AE-4768-A5D1-AEDAD54214C6}.Debug|Any CPU.ActiveCfg = Debug|Any CPU
		{2CE48506-C8AE-4768-A5D1-AEDAD54214C6}.Debug|Any CPU.Build.0 = Debug|Any CPU
		{2CE48506-C8AE-4768-A5D1-AEDAD54214C6}.Release|Any CPU.ActiveCfg = Release|Any CPU
		{2CE48506-C8AE-4768-A5D1-AEDAD54214C6}.Release|Any CPU.Build.0 = Release|Any CPU
		{ABDF2C6E-5971-4A92-B1FE-3700A98D982E}.Debug|Any CPU.ActiveCfg = Debug|Any CPU
		{ABDF2C6E-5971-4A92-B1FE-3700A98D982E}.Debug|Any CPU.Build.0 = Debug|Any CPU
		{ABDF2C6E-5971-4A92-B1FE-3700A98D982E}.Release|Any CPU.ActiveCfg = Release|Any CPU
		{ABDF2C6E-5971-4A92-B1FE-3700A98D982E}.Release|Any CPU.Build.0 = Release|Any CPU
		{8D6D0BDB-BFF1-4707-B4C8-650A8CC57F21}.Debug|Any CPU.ActiveCfg = Debug|Any CPU
		{8D6D0BDB-BFF1-4707-B4C8-650A8CC57F21}.Debug|Any CPU.Build.0 = Debug|Any CPU
		{8D6D0BDB-BFF1-4707-B4C8-650A8CC57F21}.Release|Any CPU.ActiveCfg = Release|Any CPU
		{8D6D0BDB-BFF1-4707-B4C8-650A8CC57F21}.Release|Any CPU.Build.0 = Release|Any CPU
		{B9A50FBC-34D5-49E1-953D-EE202767CBA5}.Debug|Any CPU.ActiveCfg = Debug|Any CPU
		{B9A50FBC-34D5-49E1-953D-EE202767CBA5}.Debug|Any CPU.Build.0 = Debug|Any CPU
		{B9A50FBC-34D5-49E1-953D-EE202767CBA5}.Release|Any CPU.ActiveCfg = Release|Any CPU
		{B9A50FBC-34D5-49E1-953D-EE202767CBA5}.Release|Any CPU.Build.0 = Release|Any CPU
		{97048E0D-1D68-41BE-AD5A-7D2DAEA45FCC}.Debug|Any CPU.ActiveCfg = Debug|Any CPU
		{97048E0D-1D68-41BE-AD5A-7D2DAEA45FCC}.Debug|Any CPU.Build.0 = Debug|Any CPU
		{97048E0D-1D68-41BE-AD5A-7D2DAEA45FCC}.Release|Any CPU.ActiveCfg = Release|Any CPU
		{97048E0D-1D68-41BE-AD5A-7D2DAEA45FCC}.Release|Any CPU.Build.0 = Release|Any CPU
		{08622E6C-2590-47E0-B8B1-C8373EFE5DB0}.Debug|Any CPU.ActiveCfg = Debug|Any CPU
		{08622E6C-2590-47E0-B8B1-C8373EFE5DB0}.Debug|Any CPU.Build.0 = Debug|Any CPU
		{08622E6C-2590-47E0-B8B1-C8373EFE5DB0}.Release|Any CPU.ActiveCfg = Release|Any CPU
		{08622E6C-2590-47E0-B8B1-C8373EFE5DB0}.Release|Any CPU.Build.0 = Release|Any CPU
		{05370362-C415-456D-BCD1-AD8FE07DE6A3}.Debug|Any CPU.ActiveCfg = Debug|Any CPU
		{05370362-C415-456D-BCD1-AD8FE07DE6A3}.Debug|Any CPU.Build.0 = Debug|Any CPU
		{05370362-C415-456D-BCD1-AD8FE07DE6A3}.Release|Any CPU.ActiveCfg = Release|Any CPU
		{05370362-C415-456D-BCD1-AD8FE07DE6A3}.Release|Any CPU.Build.0 = Release|Any CPU
		{7A59FE07-7EDD-DA0B-6465-363AE1E5CEC5}.Debug|Any CPU.ActiveCfg = Debug|Any CPU
		{7A59FE07-7EDD-DA0B-6465-363AE1E5CEC5}.Debug|Any CPU.Build.0 = Debug|Any CPU
		{7A59FE07-7EDD-DA0B-6465-363AE1E5CEC5}.Release|Any CPU.ActiveCfg = Release|Any CPU
		{7A59FE07-7EDD-DA0B-6465-363AE1E5CEC5}.Release|Any CPU.Build.0 = Release|Any CPU
	EndGlobalSection
	GlobalSection(SolutionProperties) = preSolution
		HideSolutionNode = FALSE
	EndGlobalSection
	GlobalSection(NestedProjects) = preSolution
		{3316C324-07C9-4052-A673-143F330BADCF} = {02EA681E-C7D8-13C7-8484-4AC65E1B71E8}
		{4579802A-314E-4557-AEF8-E3B03B583C30} = {02EA681E-C7D8-13C7-8484-4AC65E1B71E8}
		{88B334F2-3623-4D99-8B05-E2E9E8DFBC28} = {02EA681E-C7D8-13C7-8484-4AC65E1B71E8}
		{E6947895-556D-4CCA-A737-C0383666BEC7} = {02EA681E-C7D8-13C7-8484-4AC65E1B71E8}
		{3D206F8C-C84F-48D2-9BA2-40C6F9486B05} = {3316C324-07C9-4052-A673-143F330BADCF}
		{2CE48506-C8AE-4768-A5D1-AEDAD54214C6} = {E6947895-556D-4CCA-A737-C0383666BEC7}
		{FFE646B4-B0FE-42F4-9DCB-3B3AD9A21931} = {88B334F2-3623-4D99-8B05-E2E9E8DFBC28}
		{A73D61F7-DA95-42FF-874A-A0615FDC30F5} = {88B334F2-3623-4D99-8B05-E2E9E8DFBC28}
		{EFFBEC6C-86CF-4421-98A9-82E237877FC6} = {88B334F2-3623-4D99-8B05-E2E9E8DFBC28}
		{ABDF2C6E-5971-4A92-B1FE-3700A98D982E} = {FFE646B4-B0FE-42F4-9DCB-3B3AD9A21931}
		{8D6D0BDB-BFF1-4707-B4C8-650A8CC57F21} = {FFE646B4-B0FE-42F4-9DCB-3B3AD9A21931}
		{B9A50FBC-34D5-49E1-953D-EE202767CBA5} = {A73D61F7-DA95-42FF-874A-A0615FDC30F5}
		{97048E0D-1D68-41BE-AD5A-7D2DAEA45FCC} = {EFFBEC6C-86CF-4421-98A9-82E237877FC6}
		{08622E6C-2590-47E0-B8B1-C8373EFE5DB0} = {4579802A-314E-4557-AEF8-E3B03B583C30}
		{72A81E5B-A88E-4C2F-A561-4533C13CE4D8} = {02EA681E-C7D8-13C7-8484-4AC65E1B71E8}
		{05370362-C415-456D-BCD1-AD8FE07DE6A3} = {72A81E5B-A88E-4C2F-A561-4533C13CE4D8}
		{7A59FE07-7EDD-DA0B-6465-363AE1E5CEC5} = {EF4689D5-EE9B-45C6-BF14-287E707B31D5}
	EndGlobalSection
	GlobalSection(ExtensibilityGlobals) = postSolution
		SolutionGuid = {812AA7C4-01AB-4488-A5D9-811A5D0B6A4F}
	EndGlobalSection
EndGlobal
